
Microsoft Visual Studio Solution File, Format Version 12.00
# Visual Studio Version 17
VisualStudioVersion = 17.0.31903.59
MinimumVisualStudioVersion = 10.0.40219.1
Project("{9A19103F-16F7-4668-BE54-9A1E7A4F7556}") = "Restaurant.API", "Restaurant.API\Restaurant.API.csproj", "{4026841E-4C69-4F1F-A18D-6EABA9D8C245}"
EndProject
Project("{54A90642-561A-4BB1-A94E-469ADEE60C69}") = "restaurant", "Restaurant\restaurant.esproj", "{FD00C46E-5B12-4A45-B696-5B2D75FD5522}"
EndProject
Global
	GlobalSection(SolutionConfigurationPlatforms) = preSolution
		Debug|Any CPU = Debug|Any CPU
		Release|Any CPU = Release|Any CPU
	EndGlobalSection
	GlobalSection(ProjectConfigurationPlatforms) = postSolution
		{4026841E-4C69-4F1F-A18D-6EABA9D8C245}.Debug|Any CPU.ActiveCfg = Debug|Any CPU
		{4026841E-4C69-4F1F-A18D-6EABA9D8C245}.Debug|Any CPU.Build.0 = Debug|Any CPU
		{4026841E-4C69-4F1F-A18D-6EABA9D8C245}.Release|Any CPU.ActiveCfg = Release|Any CPU
		{4026841E-4C69-4F1F-A18D-6EABA9D8C245}.Release|Any CPU.Build.0 = Release|Any CPU
		{FD00C46E-5B12-4A45-B696-5B2D75FD5522}.Debug|Any CPU.ActiveCfg = Debug|Any CPU
		{FD00C46E-5B12-4A45-B696-5B2D75FD5522}.Debug|Any CPU.Build.0 = Debug|Any CPU
		{FD00C46E-5B12-4A45-B696-5B2D75FD5522}.Debug|Any CPU.Deploy.0 = Debug|Any CPU
		{FD00C46E-5B12-4A45-B696-5B2D75FD5522}.Release|Any CPU.ActiveCfg = Release|Any CPU
		{FD00C46E-5B12-4A45-B696-5B2D75FD5522}.Release|Any CPU.Build.0 = Release|Any CPU
		{FD00C46E-5B12-4A45-B696-5B2D75FD5522}.Release|Any CPU.Deploy.0 = Release|Any CPU
	EndGlobalSection
	GlobalSection(SolutionProperties) = preSolution
		HideSolutionNode = FALSE
	EndGlobalSection
	GlobalSection(ExtensibilityGlobals) = postSolution
		SolutionGuid = {16F5C048-ED3B-401B-A3E2-0497C84F4F36}
	EndGlobalSection
EndGlobal
